{
  "name": "hvac",
  "lockfileVersion": 3,
  "requires": true,
  "packages": {
    "": {
      "dependencies": {
        "zundo": "^2.3.0"
      }
    },
    "node_modules/zundo": {
      "version": "2.3.0",
      "resolved": "https://registry.npmjs.org/zundo/-/zundo-2.3.0.tgz",
      "integrity": "sha512-4GXYxXA17SIKYhVbWHdSEU04P697IMyVGXrC2TnzoyohEAWytFNOKqOp5gTGvaW93F/PM5Y0evbGtOPF0PWQwQ==",
      "license": "MIT",
      "funding": {
        "type": "individual",
        "url": "https://github.com/sponsors/charkour"
      },
      "peerDependencies": {
        "zustand": "^4.3.0 || ^5.0.0"
      },
      "peerDependenciesMeta": {
        "zustand": {
          "optional": false
        }
      }
    },
    "node_modules/zustand": {
      "version": "5.0.10",
      "resolved": "https://registry.npmjs.org/zustand/-/zustand-5.0.10.tgz",
      "integrity": "sha512-U1AiltS1O9hSy3rul+Ub82ut2fqIAefiSuwECWt6jlMVUGejvf+5omLcRBSzqbRagSM3hQZbtzdeRc6QVScXTg==",
      "license": "MIT",
      "peer": true,
      "engines": {
        "node": ">=12.20.0"
      },
      "peerDependencies": {
        "@types/react": ">=18.0.0",
        "immer": ">=9.0.6",
        "react": ">=18.0.0",
        "use-sync-external-store": ">=1.2.0"
      },
      "peerDependenciesMeta": {
        "@types/react": {
          "optional": true
        },
        "immer": {
          "optional": true
        },
        "react": {
          "optional": true
        },
        "use-sync-external-store": {
          "optional": true
        }
      }
    }
  }
}
